
Microsoft Visual Studio Solution File, Format Version 12.00
# Visual Studio 15
VisualStudioVersion = 15.0.28307.438
MinimumVisualStudioVersion = 10.0.40219.1
Project("{FAE04EC0-301F-11D3-BF4B-00C04F79EFBC}") = "Timer", "Timer\Timer.csproj", "{243CE6C0-8748-4B58-95ED-B905F85DB68F}"
EndProject
Global
	GlobalSection(SolutionConfigurationPlatforms) = preSolution
		Debug|Any CPU = Debug|Any CPU
		Release|Any CPU = Release|Any CPU
	EndGlobalSection
	GlobalSection(ProjectConfigurationPlatforms) = postSolution
		{243CE6C0-8748-4B58-95ED-B905F85DB68F}.Debug|Any CPU.ActiveCfg = Debug|Any CPU
		{243CE6C0-8748-4B58-95ED-B905F85DB68F}.Debug|Any CPU.Build.0 = Debug|Any CPU
		{243CE6C0-8748-4B58-95ED-B905F85DB68F}.Release|Any CPU.ActiveCfg = Release|Any CPU
		{243CE6C0-8748-4B58-95ED-B905F85DB68F}.Release|Any CPU.Build.0 = Release|Any CPU
	EndGlobalSection
	GlobalSection(SolutionProperties) = preSolution
		HideSolutionNode = FALSE
	EndGlobalSection
	GlobalSection(ExtensibilityGlobals) = postSolution
		SolutionGuid = {57DC701B-F791-4C01-8006-179682D1E9F4}
	EndGlobalSection
EndGlobal
